
Microsoft Visual Studio Solution File, Format Version 12.00
# Visual Studio Version 17
VisualStudioVersion = 17.2.32616.157
MinimumVisualStudioVersion = 10.0.40219.1
Project("{9A19103F-16F7-4668-BE54-9A1E7A4F7556}") = "MP.ApiDotNet6.Domain", "MP.ApiDotNet6.Domain\MP.ApiDotNet6.Domain.csproj", "{9D8DC004-D19F-4A75-AD30-C767466D569C}"
EndProject
Project("{9A19103F-16F7-4668-BE54-9A1E7A4F7556}") = "MP.ApiDotNet6.Infra.Data", "MP.ApiDotNet6.Infra.Data\MP.ApiDotNet6.Infra.Data.csproj", "{D46BE386-F8CF-4922-B157-57AEB50DD761}"
EndProject
Project("{9A19103F-16F7-4668-BE54-9A1E7A4F7556}") = "MP.ApiDotNet6.Application", "MP.ApiDotNet6.Application\MP.ApiDotNet6.Application.csproj", "{977BAFE6-63A8-4B33-8DBD-38402B6A1204}"
EndProject
Project("{FAE04EC0-301F-11D3-BF4B-00C04F79EFBC}") = "MP.ApiDotNet6.Infra.IoC", "MP.ApiDotNet6.Infra.IoC\MP.ApiDotNet6.Infra.IoC.csproj", "{C94DEF13-8D82-4471-9FFF-8D20FF0605F4}"
EndProject
Project("{9A19103F-16F7-4668-BE54-9A1E7A4F7556}") = "MP.ApiDotNet6.Api", "MP.ApiDotNet6.Api\MP.ApiDotNet6.Api.csproj", "{22E2937F-C88A-4F17-964B-2F031E3D829C}"
EndProject
Global
	GlobalSection(SolutionConfigurationPlatforms) = preSolution
		Debug|Any CPU = Debug|Any CPU
		Release|Any CPU = Release|Any CPU
	EndGlobalSection
	GlobalSection(ProjectConfigurationPlatforms) = postSolution
		{9D8DC004-D19F-4A75-AD30-C767466D569C}.Debug|Any CPU.ActiveCfg = Debug|Any CPU
		{9D8DC004-D19F-4A75-AD30-C767466D569C}.Debug|Any CPU.Build.0 = Debug|Any CPU
		{9D8DC004-D19F-4A75-AD30-C767466D569C}.Release|Any CPU.ActiveCfg = Release|Any CPU
		{9D8DC004-D19F-4A75-AD30-C767466D569C}.Release|Any CPU.Build.0 = Release|Any CPU
		{D46BE386-F8CF-4922-B157-57AEB50DD761}.Debug|Any CPU.ActiveCfg = Debug|Any CPU
		{D46BE386-F8CF-4922-B157-57AEB50DD761}.Debug|Any CPU.Build.0 = Debug|Any CPU
		{D46BE386-F8CF-4922-B157-57AEB50DD761}.Release|Any CPU.ActiveCfg = Release|Any CPU
		{D46BE386-F8CF-4922-B157-57AEB50DD761}.Release|Any CPU.Build.0 = Release|Any CPU
		{977BAFE6-63A8-4B33-8DBD-38402B6A1204}.Debug|Any CPU.ActiveCfg = Debug|Any CPU
		{977BAFE6-63A8-4B33-8DBD-38402B6A1204}.Debug|Any CPU.Build.0 = Debug|Any CPU
		{977BAFE6-63A8-4B33-8DBD-38402B6A1204}.Release|Any CPU.ActiveCfg = Release|Any CPU
		{977BAFE6-63A8-4B33-8DBD-38402B6A1204}.Release|Any CPU.Build.0 = Release|Any CPU
		{C94DEF13-8D82-4471-9FFF-8D20FF0605F4}.Debug|Any CPU.ActiveCfg = Debug|Any CPU
		{C94DEF13-8D82-4471-9FFF-8D20FF0605F4}.Debug|Any CPU.Build.0 = Debug|Any CPU
		{C94DEF13-8D82-4471-9FFF-8D20FF0605F4}.Release|Any CPU.ActiveCfg = Release|Any CPU
		{C94DEF13-8D82-4471-9FFF-8D20FF0605F4}.Release|Any CPU.Build.0 = Release|Any CPU
		{22E2937F-C88A-4F17-964B-2F031E3D829C}.Debug|Any CPU.ActiveCfg = Debug|Any CPU
		{22E2937F-C88A-4F17-964B-2F031E3D829C}.Debug|Any CPU.Build.0 = Debug|Any CPU
		{22E2937F-C88A-4F17-964B-2F031E3D829C}.Release|Any CPU.ActiveCfg = Release|Any CPU
		{22E2937F-C88A-4F17-964B-2F031E3D829C}.Release|Any CPU.Build.0 = Release|Any CPU
	EndGlobalSection
	GlobalSection(SolutionProperties) = preSolution
		HideSolutionNode = FALSE
	EndGlobalSection
	GlobalSection(ExtensibilityGlobals) = postSolution
		SolutionGuid = {F36985F4-D743-46CC-AC60-8C4BA8DB0D3E}
	EndGlobalSection
EndGlobal
